
Microsoft Visual Studio Solution File, Format Version 12.00
# Visual Studio 15
VisualStudioVersion = 15.0.27004.2009
MinimumVisualStudioVersion = 10.0.40219.1
Project("{FAE04EC0-301F-11D3-BF4B-00C04F79EFBC}") = "Ecommerce.Android", "Ecommerce\Ecommerce.Android\Ecommerce.Android.csproj", "{F771C191-4134-4E67-A4A4-4BCD991E966F}"
EndProject
Project("{FAE04EC0-301F-11D3-BF4B-00C04F79EFBC}") = "Ecommerce.iOS", "Ecommerce\Ecommerce.iOS\Ecommerce.iOS.csproj", "{060DE9A6-2EF3-4081-ADA4-4169D4A02A13}"
EndProject
Project("{D954291E-2A0B-460D-934E-DC6B0785DB48}") = "Ecommerce", "Ecommerce\Ecommerce\Ecommerce.shproj", "{3BE4D464-E86F-4D96-ACFC-5AD9D1147952}"
EndProject
Project("{FAE04EC0-301F-11D3-BF4B-00C04F79EFBC}") = "Ecommerce.UWP", "Ecommerce\Ecommerce.UWP\Ecommerce.UWP.csproj", "{B4F0DA5D-0089-42DC-A96E-05FB23FE2EE6}"
EndProject
Global
	GlobalSection(SharedMSBuildProjectFiles) = preSolution
		Ecommerce\Ecommerce\Ecommerce.projitems*{060de9a6-2ef3-4081-ada4-4169d4a02a13}*SharedItemsImports = 4
		Ecommerce\Ecommerce\Ecommerce.projitems*{3be4d464-e86f-4d96-acfc-5ad9d1147952}*SharedItemsImports = 13
		Ecommerce\Ecommerce\Ecommerce.projitems*{b4f0da5d-0089-42dc-a96e-05fb23fe2ee6}*SharedItemsImports = 4
		Ecommerce\Ecommerce\Ecommerce.projitems*{f771c191-4134-4e67-a4a4-4bcd991e966f}*SharedItemsImports = 4
	EndGlobalSection
	GlobalSection(SolutionConfigurationPlatforms) = preSolution
		Ad-Hoc|Any CPU = Ad-Hoc|Any CPU
		Ad-Hoc|ARM = Ad-Hoc|ARM
		Ad-Hoc|iPhone = Ad-Hoc|iPhone
		Ad-Hoc|iPhoneSimulator = Ad-Hoc|iPhoneSimulator
		Ad-Hoc|x64 = Ad-Hoc|x64
		Ad-Hoc|x86 = Ad-Hoc|x86
		AppStore|Any CPU = AppStore|Any CPU
		AppStore|ARM = AppStore|ARM
		AppStore|iPhone = AppStore|iPhone
		AppStore|iPhoneSimulator = AppStore|iPhoneSimulator
		AppStore|x64 = AppStore|x64
		AppStore|x86 = AppStore|x86
		Debug|Any CPU = Debug|Any CPU
		Debug|ARM = Debug|ARM
		Debug|iPhone = Debug|iPhone
		Debug|iPhoneSimulator = Debug|iPhoneSimulator
		Debug|x64 = Debug|x64
		Debug|x86 = Debug|x86
		Release|Any CPU = Release|Any CPU
		Release|ARM = Release|ARM
		Release|iPhone = Release|iPhone
		Release|iPhoneSimulator = Release|iPhoneSimulator
		Release|x64 = Release|x64
		Release|x86 = Release|x86
	EndGlobalSection
	GlobalSection(ProjectConfigurationPlatforms) = postSolution
		{F771C191-4134-4E67-A4A4-4BCD991E966F}.Ad-Hoc|Any CPU.ActiveCfg = Release|Any CPU
		{F771C191-4134-4E67-A4A4-4BCD991E966F}.Ad-Hoc|Any CPU.Build.0 = Release|Any CPU
		{F771C191-4134-4E67-A4A4-4BCD991E966F}.Ad-Hoc|Any CPU.Deploy.0 = Release|Any CPU
		{F771C191-4134-4E67-A4A4-4BCD991E966F}.Ad-Hoc|ARM.ActiveCfg = Debug|Any CPU
		{F771C191-4134-4E67-A4A4-4BCD991E966F}.Ad-Hoc|ARM.Build.0 = Debug|Any CPU
		{F771C191-4134-4E67-A4A4-4BCD991E966F}.Ad-Hoc|ARM.Deploy.0 = Debug|Any CPU
		{F771C191-4134-4E67-A4A4-4BCD991E966F}.Ad-Hoc|iPhone.ActiveCfg = Release|Any CPU
		{F771C191-4134-4E67-A4A4-4BCD991E966F}.Ad-Hoc|iPhone.Build.0 = Release|Any CPU
		{F771C191-4134-4E67-A4A4-4BCD991E966F}.Ad-Hoc|iPhone.Deploy.0 = Release|Any CPU
		{F771C191-4134-4E67-A4A4-4BCD991E966F}.Ad-Hoc|iPhoneSimulator.ActiveCfg = Release|Any CPU
		{F771C191-4134-4E67-A4A4-4BCD991E966F}.Ad-Hoc|iPhoneSimulator.Build.0 = Release|Any CPU
		{F771C191-4134-4E67-A4A4-4BCD991E966F}.Ad-Hoc|iPhoneSimulator.Deploy.0 = Release|Any CPU
		{F771C191-4134-4E67-A4A4-4BCD991E966F}.Ad-Hoc|x64.ActiveCfg = Debug|Any CPU
		{F771C191-4134-4E67-A4A4-4BCD991E966F}.Ad-Hoc|x64.Build.0 = Debug|Any CPU
		{F771C191-4134-4E67-A4A4-4BCD991E966F}.Ad-Hoc|x64.Deploy.0 = Debug|Any CPU
		{F771C191-4134-4E67-A4A4-4BCD991E966F}.Ad-Hoc|x86.ActiveCfg = Debug|Any CPU
		{F771C191-4134-4E67-A4A4-4BCD991E966F}.Ad-Hoc|x86.Build.0 = Debug|Any CPU
		{F771C191-4134-4E67-A4A4-4BCD991E966F}.Ad-Hoc|x86.Deploy.0 = Debug|Any CPU
		{F771C191-4134-4E67-A4A4-4BCD991E966F}.AppStore|Any CPU.ActiveCfg = Release|Any CPU
		{F771C191-4134-4E67-A4A4-4BCD991E966F}.AppStore|Any CPU.Build.0 = Release|Any CPU
		{F771C191-4134-4E67-A4A4-4BCD991E966F}.AppStore|Any CPU.Deploy.0 = Release|Any CPU
		{F771C191-4134-4E67-A4A4-4BCD991E966F}.AppStore|ARM.ActiveCfg = Debug|Any CPU
		{F771C191-4134-4E67-A4A4-4BCD991E966F}.AppStore|ARM.Build.0 = Debug|Any CPU
		{F771C191-4134-4E67-A4A4-4BCD991E966F}.AppStore|ARM.Deploy.0 = Debug|Any CPU
		{F771C191-4134-4E67-A4A4-4BCD991E966F}.AppStore|iPhone.ActiveCfg = Release|Any CPU
		{F771C191-4134-4E67-A4A4-4BCD991E966F}.AppStore|iPhone.Build.0 = Release|Any CPU
		{F771C191-4134-4E67-A4A4-4BCD991E966F}.AppStore|iPhone.Deploy.0 = Release|Any CPU
		{F771C191-4134-4E67-A4A4-4BCD991E966F}.AppStore|iPhoneSimulator.ActiveCfg = Release|Any CPU
		{F771C191-4134-4E67-A4A4-4BCD991E966F}.AppStore|iPhoneSimulator.Build.0 = Release|Any CPU
		{F771C191-4134-4E67-A4A4-4BCD991E966F}.AppStore|iPhoneSimulator.Deploy.0 = Release|Any CPU
		{F771C191-4134-4E67-A4A4-4BCD991E966F}.AppStore|x64.ActiveCfg = Debug|Any CPU
		{F771C191-4134-4E67-A4A4-4BCD991E966F}.AppStore|x64.Build.0 = Debug|Any CPU
		{F771C191-4134-4E67-A4A4-4BCD991E966F}.AppStore|x64.Deploy.0 = Debug|Any CPU
		{F771C191-4134-4E67-A4A4-4BCD991E966F}.AppStore|x86.ActiveCfg = Debug|Any CPU
		{F771C191-4134-4E67-A4A4-4BCD991E966F}.AppStore|x86.Build.0 = Debug|Any CPU
		{F771C191-4134-4E67-A4A4-4BCD991E966F}.AppStore|x86.Deploy.0 = Debug|Any CPU
		{F771C191-4134-4E67-A4A4-4BCD991E966F}.Debug|Any CPU.ActiveCfg = Debug|Any CPU
		{F771C191-4134-4E67-A4A4-4BCD991E966F}.Debug|Any CPU.Build.0 = Debug|Any CPU
		{F771C191-4134-4E67-A4A4-4BCD991E966F}.Debug|Any CPU.Deploy.0 = Debug|Any CPU
		{F771C191-4134-4E67-A4A4-4BCD991E966F}.Debug|ARM.ActiveCfg = Debug|Any CPU
		{F771C191-4134-4E67-A4A4-4BCD991E966F}.Debug|ARM.Build.0 = Debug|Any CPU
		{F771C191-4134-4E67-A4A4-4BCD991E966F}.Debug|ARM.Deploy.0 = Debug|Any CPU
		{F771C191-4134-4E67-A4A4-4BCD991E966F}.Debug|iPhone.ActiveCfg = Debug|Any CPU
		{F771C191-4134-4E67-A4A4-4BCD991E966F}.Debug|iPhone.Build.0 = Debug|Any CPU
		{F771C191-4134-4E67-A4A4-4BCD991E966F}.Debug|iPhone.Deploy.0 = Debug|Any CPU
		{F771C191-4134-4E67-A4A4-4BCD991E966F}.Debug|iPhoneSimulator.ActiveCfg = Debug|Any CPU
		{F771C191-4134-4E67-A4A4-4BCD991E966F}.Debug|iPhoneSimulator.Build.0 = Debug|Any CPU
		{F771C191-4134-4E67-A4A4-4BCD991E966F}.Debug|iPhoneSimulator.Deploy.0 = Debug|Any CPU
		{F771C191-4134-4E67-A4A4-4BCD991E966F}.Debug|x64.ActiveCfg = Debug|Any CPU
		{F771C191-4134-4E67-A4A4-4BCD991E966F}.Debug|x64.Build.0 = Debug|Any CPU
		{F771C191-4134-4E67-A4A4-4BCD991E966F}.Debug|x64.Deploy.0 = Debug|Any CPU
		{F771C191-4134-4E67-A4A4-4BCD991E966F}.Debug|x86.ActiveCfg = Debug|Any CPU
		{F771C191-4134-4E67-A4A4-4BCD991E966F}.Debug|x86.Build.0 = Debug|Any CPU
		{F771C191-4134-4E67-A4A4-4BCD991E966F}.Debug|x86.Deploy.0 = Debug|Any CPU
		{F771C191-4134-4E67-A4A4-4BCD991E966F}.Release|Any CPU.ActiveCfg = Release|Any CPU
		{F771C191-4134-4E67-A4A4-4BCD991E966F}.Release|Any CPU.Build.0 = Release|Any CPU
		{F771C191-4134-4E67-A4A4-4BCD991E966F}.Release|Any CPU.Deploy.0 = Release|Any CPU
		{F771C191-4134-4E67-A4A4-4BCD991E966F}.Release|ARM.ActiveCfg = Release|Any CPU
		{F771C191-4134-4E67-A4A4-4BCD991E966F}.Release|ARM.Build.0 = Release|Any CPU
		{F771C191-4134-4E67-A4A4-4BCD991E966F}.Release|ARM.Deploy.0 = Release|Any CPU
		{F771C191-4134-4E67-A4A4-4BCD991E966F}.Release|iPhone.ActiveCfg = Release|Any CPU
		{F771C191-4134-4E67-A4A4-4BCD991E966F}.Release|iPhone.Build.0 = Release|Any CPU
		{F771C191-4134-4E67-A4A4-4BCD991E966F}.Release|iPhone.Deploy.0 = Release|Any CPU
		{F771C191-4134-4E67-A4A4-4BCD991E966F}.Release|iPhoneSimulator.ActiveCfg = Release|Any CPU
		{F771C191-4134-4E67-A4A4-4BCD991E966F}.Release|iPhoneSimulator.Build.0 = Release|Any CPU
		{F771C191-4134-4E67-A4A4-4BCD991E966F}.Release|iPhoneSimulator.Deploy.0 = Release|Any CPU
		{F771C191-4134-4E67-A4A4-4BCD991E966F}.Release|x64.ActiveCfg = Release|Any CPU
		{F771C191-4134-4E67-A4A4-4BCD991E966F}.Release|x64.Build.0 = Release|Any CPU
		{F771C191-4134-4E67-A4A4-4BCD991E966F}.Release|x64.Deploy.0 = Release|Any CPU
		{F771C191-4134-4E67-A4A4-4BCD991E966F}.Release|x86.ActiveCfg = Release|Any CPU
		{F771C191-4134-4E67-A4A4-4BCD991E966F}.Release|x86.Build.0 = Release|Any CPU
		{F771C191-4134-4E67-A4A4-4BCD991E966F}.Release|x86.Deploy.0 = Release|Any CPU
		{060DE9A6-2EF3-4081-ADA4-4169D4A02A13}.Ad-Hoc|Any CPU.ActiveCfg = Ad-Hoc|iPhone
		{060DE9A6-2EF3-4081-ADA4-4169D4A02A13}.Ad-Hoc|ARM.ActiveCfg = Ad-Hoc|iPhoneSimulator
		{060DE9A6-2EF3-4081-ADA4-4169D4A02A13}.Ad-Hoc|iPhone.ActiveCfg = Ad-Hoc|iPhone
		{060DE9A6-2EF3-4081-ADA4-4169D4A02A13}.Ad-Hoc|iPhone.Build.0 = Ad-Hoc|iPhone
		{060DE9A6-2EF3-4081-ADA4-4169D4A02A13}.Ad-Hoc|iPhoneSimulator.ActiveCfg = Ad-Hoc|iPhoneSimulator
		{060DE9A6-2EF3-4081-ADA4-4169D4A02A13}.Ad-Hoc|iPhoneSimulator.Build.0 = Ad-Hoc|iPhoneSimulator
		{060DE9A6-2EF3-4081-ADA4-4169D4A02A13}.Ad-Hoc|x64.ActiveCfg = Ad-Hoc|iPhoneSimulator
		{060DE9A6-2EF3-4081-ADA4-4169D4A02A13}.Ad-Hoc|x86.ActiveCfg = Ad-Hoc|iPhoneSimulator
		{060DE9A6-2EF3-4081-ADA4-4169D4A02A13}.AppStore|Any CPU.ActiveCfg = AppStore|iPhone
		{060DE9A6-2EF3-4081-ADA4-4169D4A02A13}.AppStore|ARM.ActiveCfg = AppStore|iPhoneSimulator
		{060DE9A6-2EF3-4081-ADA4-4169D4A02A13}.AppStore|iPhone.ActiveCfg = AppStore|iPhone
		{060DE9A6-2EF3-4081-ADA4-4169D4A02A13}.AppStore|iPhone.Build.0 = AppStore|iPhone
		{060DE9A6-2EF3-4081-ADA4-4169D4A02A13}.AppStore|iPhoneSimulator.ActiveCfg = AppStore|iPhoneSimulator
		{060DE9A6-2EF3-4081-ADA4-4169D4A02A13}.AppStore|iPhoneSimulator.Build.0 = AppStore|iPhoneSimulator
		{060DE9A6-2EF3-4081-ADA4-4169D4A02A13}.AppStore|x64.ActiveCfg = AppStore|iPhoneSimulator
		{060DE9A6-2EF3-4081-ADA4-4169D4A02A13}.AppStore|x86.ActiveCfg = AppStore|iPhoneSimulator
		{060DE9A6-2EF3-4081-ADA4-4169D4A02A13}.Debug|Any CPU.ActiveCfg = Debug|iPhone
		{060DE9A6-2EF3-4081-ADA4-4169D4A02A13}.Debug|ARM.ActiveCfg = Debug|iPhoneSimulator
		{060DE9A6-2EF3-4081-ADA4-4169D4A02A13}.Debug|iPhone.ActiveCfg = Debug|iPhone
		{060DE9A6-2EF3-4081-ADA4-4169D4A02A13}.Debug|iPhone.Build.0 = Debug|iPhone
		{060DE9A6-2EF3-4081-ADA4-4169D4A02A13}.Debug|iPhoneSimulator.ActiveCfg = Debug|iPhoneSimulator
		{060DE9A6-2EF3-4081-ADA4-4169D4A02A13}.Debug|iPhoneSimulator.Build.0 = Debug|iPhoneSimulator
		{060DE9A6-2EF3-4081-ADA4-4169D4A02A13}.Debug|x64.ActiveCfg = Debug|iPhoneSimulator
		{060DE9A6-2EF3-4081-ADA4-4169D4A02A13}.Debug|x86.ActiveCfg = Debug|iPhoneSimulator
		{060DE9A6-2EF3-4081-ADA4-4169D4A02A13}.Release|Any CPU.ActiveCfg = Release|iPhone
		{060DE9A6-2EF3-4081-ADA4-4169D4A02A13}.Release|ARM.ActiveCfg = Release|iPhoneSimulator
		{060DE9A6-2EF3-4081-ADA4-4169D4A02A13}.Release|iPhone.ActiveCfg = Release|iPhone
		{060DE9A6-2EF3-4081-ADA4-4169D4A02A13}.Release|iPhone.Build.0 = Release|iPhone
		{060DE9A6-2EF3-4081-ADA4-4169D4A02A13}.Release|iPhoneSimulator.ActiveCfg = Release|iPhoneSimulator
		{060DE9A6-2EF3-4081-ADA4-4169D4A02A13}.Release|iPhoneSimulator.Build.0 = Release|iPhoneSimulator
		{060DE9A6-2EF3-4081-ADA4-4169D4A02A13}.Release|x64.ActiveCfg = Release|iPhoneSimulator
		{060DE9A6-2EF3-4081-ADA4-4169D4A02A13}.Release|x86.ActiveCfg = Release|iPhoneSimulator
		{B4F0DA5D-0089-42DC-A96E-05FB23FE2EE6}.Ad-Hoc|Any CPU.ActiveCfg = Release|x86
		{B4F0DA5D-0089-42DC-A96E-05FB23FE2EE6}.Ad-Hoc|Any CPU.Build.0 = Release|x86
		{B4F0DA5D-0089-42DC-A96E-05FB23FE2EE6}.Ad-Hoc|Any CPU.Deploy.0 = Release|x86
		{B4F0DA5D-0089-42DC-A96E-05FB23FE2EE6}.Ad-Hoc|ARM.ActiveCfg = Release|ARM
		{B4F0DA5D-0089-42DC-A96E-05FB23FE2EE6}.Ad-Hoc|ARM.Build.0 = Release|ARM
		{B4F0DA5D-0089-42DC-A96E-05FB23FE2EE6}.Ad-Hoc|ARM.Deploy.0 = Release|ARM
		{B4F0DA5D-0089-42DC-A96E-05FB23FE2EE6}.Ad-Hoc|iPhone.ActiveCfg = Release|x86
		{B4F0DA5D-0089-42DC-A96E-05FB23FE2EE6}.Ad-Hoc|iPhone.Build.0 = Release|x86
		{B4F0DA5D-0089-42DC-A96E-05FB23FE2EE6}.Ad-Hoc|iPhone.Deploy.0 = Release|x86
		{B4F0DA5D-0089-42DC-A96E-05FB23FE2EE6}.Ad-Hoc|iPhoneSimulator.ActiveCfg = Release|x86
		{B4F0DA5D-0089-42DC-A96E-05FB23FE2EE6}.Ad-Hoc|iPhoneSimulator.Build.0 = Release|x86
		{B4F0DA5D-0089-42DC-A96E-05FB23FE2EE6}.Ad-Hoc|iPhoneSimulator.Deploy.0 = Release|x86
		{B4F0DA5D-0089-42DC-A96E-05FB23FE2EE6}.Ad-Hoc|x64.ActiveCfg = Release|x64
		{B4F0DA5D-0089-42DC-A96E-05FB23FE2EE6}.Ad-Hoc|x64.Build.0 = Release|x64
		{B4F0DA5D-0089-42DC-A96E-05FB23FE2EE6}.Ad-Hoc|x64.Deploy.0 = Release|x64
		{B4F0DA5D-0089-42DC-A96E-05FB23FE2EE6}.Ad-Hoc|x86.ActiveCfg = Release|x86
		{B4F0DA5D-0089-42DC-A96E-05FB23FE2EE6}.Ad-Hoc|x86.Build.0 = Release|x86
		{B4F0DA5D-0089-42DC-A96E-05FB23FE2EE6}.Ad-Hoc|x86.Deploy.0 = Release|x86
		{B4F0DA5D-0089-42DC-A96E-05FB23FE2EE6}.AppStore|Any CPU.ActiveCfg = Release|x86
		{B4F0DA5D-0089-42DC-A96E-05FB23FE2EE6}.AppStore|Any CPU.Build.0 = Release|x86
		{B4F0DA5D-0089-42DC-A96E-05FB23FE2EE6}.AppStore|Any CPU.Deploy.0 = Release|x86
		{B4F0DA5D-0089-42DC-A96E-05FB23FE2EE6}.AppStore|ARM.ActiveCfg = Release|ARM
		{B4F0DA5D-0089-42DC-A96E-05FB23FE2EE6}.AppStore|ARM.Build.0 = Release|ARM
		{B4F0DA5D-0089-42DC-A96E-05FB23FE2EE6}.AppStore|ARM.Deploy.0 = Release|ARM
		{B4F0DA5D-0089-42DC-A96E-05FB23FE2EE6}.AppStore|iPhone.ActiveCfg = Release|x86
		{B4F0DA5D-0089-42DC-A96E-05FB23FE2EE6}.AppStore|iPhone.Build.0 = Release|x86
		{B4F0DA5D-0089-42DC-A96E-05FB23FE2EE6}.AppStore|iPhone.Deploy.0 = Release|x86
		{B4F0DA5D-0089-42DC-A96E-05FB23FE2EE6}.AppStore|iPhoneSimulator.ActiveCfg = Release|x86
		{B4F0DA5D-0089-42DC-A96E-05FB23FE2EE6}.AppStore|iPhoneSimulator.Build.0 = Release|x86
		{B4F0DA5D-0089-42DC-A96E-05FB23FE2EE6}.AppStore|iPhoneSimulator.Deploy.0 = Release|x86
		{B4F0DA5D-0089-42DC-A96E-05FB23FE2EE6}.AppStore|x64.ActiveCfg = Release|x64
		{B4F0DA5D-0089-42DC-A96E-05FB23FE2EE6}.AppStore|x64.Build.0 = Release|x64
		{B4F0DA5D-0089-42DC-A96E-05FB23FE2EE6}.AppStore|x64.Deploy.0 = Release|x64
		{B4F0DA5D-0089-42DC-A96E-05FB23FE2EE6}.AppStore|x86.ActiveCfg = Release|x86
		{B4F0DA5D-0089-42DC-A96E-05FB23FE2EE6}.AppStore|x86.Build.0 = Release|x86
		{B4F0DA5D-0089-42DC-A96E-05FB23FE2EE6}.AppStore|x86.Deploy.0 = Release|x86
		{B4F0DA5D-0089-42DC-A96E-05FB23FE2EE6}.Debug|Any CPU.ActiveCfg = Debug|x86
		{B4F0DA5D-0089-42DC-A96E-05FB23FE2EE6}.Debug|ARM.ActiveCfg = Debug|ARM
		{B4F0DA5D-0089-42DC-A96E-05FB23FE2EE6}.Debug|ARM.Build.0 = Debug|ARM
		{B4F0DA5D-0089-42DC-A96E-05FB23FE2EE6}.Debug|ARM.Deploy.0 = Debug|ARM
		{B4F0DA5D-0089-42DC-A96E-05FB23FE2EE6}.Debug|iPhone.ActiveCfg = Debug|x86
		{B4F0DA5D-0089-42DC-A96E-05FB23FE2EE6}.Debug|iPhoneSimulator.ActiveCfg = Debug|x86
		{B4F0DA5D-0089-42DC-A96E-05FB23FE2EE6}.Debug|x64.ActiveCfg = Debug|x64
		{B4F0DA5D-0089-42DC-A96E-05FB23FE2EE6}.Debug|x64.Build.0 = Debug|x64
		{B4F0DA5D-0089-42DC-A96E-05FB23FE2EE6}.Debug|x64.Deploy.0 = Debug|x64
		{B4F0DA5D-0089-42DC-A96E-05FB23FE2EE6}.Debug|x86.ActiveCfg = Debug|x86
		{B4F0DA5D-0089-42DC-A96E-05FB23FE2EE6}.Debug|x86.Build.0 = Debug|x86
		{B4F0DA5D-0089-42DC-A96E-05FB23FE2EE6}.Debug|x86.Deploy.0 = Debug|x86
		{B4F0DA5D-0089-42DC-A96E-05FB23FE2EE6}.Release|Any CPU.ActiveCfg = Release|x86
		{B4F0DA5D-0089-42DC-A96E-05FB23FE2EE6}.Release|ARM.ActiveCfg = Release|ARM
		{B4F0DA5D-0089-42DC-A96E-05FB23FE2EE6}.Release|ARM.Build.0 = Release|ARM
		{B4F0DA5D-0089-42DC-A96E-05FB23FE2EE6}.Release|ARM.Deploy.0 = Release|ARM
		{B4F0DA5D-0089-42DC-A96E-05FB23FE2EE6}.Release|iPhone.ActiveCfg = Release|x86
		{B4F0DA5D-0089-42DC-A96E-05FB23FE2EE6}.Release|iPhoneSimulator.ActiveCfg = Release|x86
		{B4F0DA5D-0089-42DC-A96E-05FB23FE2EE6}.Release|x64.ActiveCfg = Release|x64
		{B4F0DA5D-0089-42DC-A96E-05FB23FE2EE6}.Release|x64.Build.0 = Release|x64
		{B4F0DA5D-0089-42DC-A96E-05FB23FE2EE6}.Release|x64.Deploy.0 = Release|x64
		{B4F0DA5D-0089-42DC-A96E-05FB23FE2EE6}.Release|x86.ActiveCfg = Release|x86
		{B4F0DA5D-0089-42DC-A96E-05FB23FE2EE6}.Release|x86.Build.0 = Release|x86
		{B4F0DA5D-0089-42DC-A96E-05FB23FE2EE6}.Release|x86.Deploy.0 = Release|x86
	EndGlobalSection
	GlobalSection(SolutionProperties) = preSolution
		HideSolutionNode = FALSE
	EndGlobalSection
	GlobalSection(ExtensibilityGlobals) = postSolution
		SolutionGuid = {6C2E958D-CD50-417D-A174-20288237E251}
	EndGlobalSection
EndGlobal
